
Microsoft Visual Studio Solution File, Format Version 12.00
# Visual Studio 15
VisualStudioVersion = 15.0.27130.2027
MinimumVisualStudioVersion = 10.0.40219.1
Project("{8BC9CEB8-8B4A-11D0-8D11-00A0C91BC942}") = "Controller", "Controller\Controller.vcxproj", "{6B3EC1BA-C753-4817-971C-1C100A7FA649}"
EndProject
Project("{8BC9CEB8-8B4A-11D0-8D11-00A0C91BC942}") = "Plane", "Plane\Plane.vcxproj", "{C5F80730-F44F-4478-BDAE-6634EFC2CA88}"
EndProject
Project("{8BC9CEB8-8B4A-11D0-8D11-00A0C91BC942}") = "Common", "Common\Common.vcxitems", "{CE077ABF-B6C8-4569-9A13-C81AD7FBA9B7}"
EndProject
Global
	GlobalSection(SharedMSBuildProjectFiles) = preSolution
		Common\Common.vcxitems*{6b3ec1ba-c753-4817-971c-1c100a7fa649}*SharedItemsImports = 4
		Common\Common.vcxitems*{c5f80730-f44f-4478-bdae-6634efc2ca88}*SharedItemsImports = 4
		Common\Common.vcxitems*{ce077abf-b6c8-4569-9a13-c81ad7fba9b7}*SharedItemsImports = 9
	EndGlobalSection
	GlobalSection(SolutionConfigurationPlatforms) = preSolution
		Debug|x86 = Debug|x86
		Release|x86 = Release|x86
	EndGlobalSection
	GlobalSection(ProjectConfigurationPlatforms) = postSolution
		{6B3EC1BA-C753-4817-971C-1C100A7FA649}.Debug|x86.ActiveCfg = Debug|Win32
		{6B3EC1BA-C753-4817-971C-1C100A7FA649}.Debug|x86.Build.0 = Debug|Win32
		{6B3EC1BA-C753-4817-971C-1C100A7FA649}.Release|x86.ActiveCfg = Release|Win32
		{6B3EC1BA-C753-4817-971C-1C100A7FA649}.Release|x86.Build.0 = Release|Win32
		{C5F80730-F44F-4478-BDAE-6634EFC2CA88}.Debug|x86.ActiveCfg = Debug|Win32
		{C5F80730-F44F-4478-BDAE-6634EFC2CA88}.Debug|x86.Build.0 = Debug|Win32
		{C5F80730-F44F-4478-BDAE-6634EFC2CA88}.Release|x86.ActiveCfg = Release|Win32
		{C5F80730-F44F-4478-BDAE-6634EFC2CA88}.Release|x86.Build.0 = Release|Win32
	EndGlobalSection
	GlobalSection(SolutionProperties) = preSolution
		HideSolutionNode = FALSE
	EndGlobalSection
	GlobalSection(ExtensibilityGlobals) = postSolution
		SolutionGuid = {2A97285F-A6DC-4142-B768-84CFBAA449BD}
	EndGlobalSection
EndGlobal
